
Microsoft Visual Studio Solution File, Format Version 12.00
# Visual Studio Version 16
VisualStudioVersion = 16.0.30523.141
MinimumVisualStudioVersion = 10.0.40219.1
Project("{9A19103F-16F7-4668-BE54-9A1E7A4F7556}") = "Doit.Finance.MonetaryFinancialInstitutions", "Doit.Finance.MonetaryFinancialInstitutions\Doit.Finance.MonetaryFinancialInstitutions.csproj", "{4EEA5BCC-C730-4187-BA66-FACED50B2FDB}"
EndProject
Project("{9A19103F-16F7-4668-BE54-9A1E7A4F7556}") = "Do.Finance.MonetaryFinancialInstitutions.Tests", "Do.Finance.MonetaryFinancialInstitutions.Tests\Do.Finance.MonetaryFinancialInstitutions.Tests.csproj", "{37E6971A-1047-4849-8AEF-0937B4B1DF3B}"
EndProject
Project("{2150E333-8FDC-42A3-9474-1A3956D46DE8}") = "Solution Items", "Solution Items", "{C6401CFB-4ECB-42A2-AA54-C8EE1C8609C7}"
	ProjectSection(SolutionItems) = preProject
		.editorconfig = .editorconfig
		.gitignore = .gitignore
		readme.md = readme.md
	EndProjectSection
EndProject
Global
	GlobalSection(SolutionConfigurationPlatforms) = preSolution
		Debug|Any CPU = Debug|Any CPU
		Release|Any CPU = Release|Any CPU
	EndGlobalSection
	GlobalSection(ProjectConfigurationPlatforms) = postSolution
		{4EEA5BCC-C730-4187-BA66-FACED50B2FDB}.Debug|Any CPU.ActiveCfg = Debug|Any CPU
		{4EEA5BCC-C730-4187-BA66-FACED50B2FDB}.Debug|Any CPU.Build.0 = Debug|Any CPU
		{4EEA5BCC-C730-4187-BA66-FACED50B2FDB}.Release|Any CPU.ActiveCfg = Release|Any CPU
		{4EEA5BCC-C730-4187-BA66-FACED50B2FDB}.Release|Any CPU.Build.0 = Release|Any CPU
		{37E6971A-1047-4849-8AEF-0937B4B1DF3B}.Debug|Any CPU.ActiveCfg = Debug|Any CPU
		{37E6971A-1047-4849-8AEF-0937B4B1DF3B}.Debug|Any CPU.Build.0 = Debug|Any CPU
		{37E6971A-1047-4849-8AEF-0937B4B1DF3B}.Release|Any CPU.ActiveCfg = Release|Any CPU
		{37E6971A-1047-4849-8AEF-0937B4B1DF3B}.Release|Any CPU.Build.0 = Release|Any CPU
	EndGlobalSection
	GlobalSection(SolutionProperties) = preSolution
		HideSolutionNode = FALSE
	EndGlobalSection
	GlobalSection(ExtensibilityGlobals) = postSolution
		SolutionGuid = {A85E8968-B897-45A3-878E-204A0904A783}
	EndGlobalSection
EndGlobal
